
Microsoft Visual Studio Solution File, Format Version 12.00
# Visual Studio Version 17
VisualStudioVersion = 17.13.35919.96
MinimumVisualStudioVersion = 10.0.40219.1
Project("{FAE04EC0-301F-11D3-BF4B-00C04F79EFBC}") = "eShop.Web", "eShop.Web\eShop.Web.csproj", "{4811C13B-E1B8-4986-B874-087802BB185E}"
EndProject
Project("{FAE04EC0-301F-11D3-BF4B-00C04F79EFBC}") = "eShop.Domain", "eShop.Domain\eShop.Domain.csproj", "{374EBB4B-1B58-4D91-B953-8378567A96D2}"
EndProject
Project("{FAE04EC0-301F-11D3-BF4B-00C04F79EFBC}") = "eShop.Service", "eShop.Service\eShop.Service.csproj", "{46EDCD04-A582-4381-B3CE-D1AE96F3901C}"
EndProject
Project("{FAE04EC0-301F-11D3-BF4B-00C04F79EFBC}") = "eShop.Repository", "eShop.Repository\eShop.Repository.csproj", "{EC6C6FD2-FD22-4CD9-97B4-DE7862E76E41}"
EndProject
Global
	GlobalSection(SolutionConfigurationPlatforms) = preSolution
		Debug|Any CPU = Debug|Any CPU
		Release|Any CPU = Release|Any CPU
	EndGlobalSection
	GlobalSection(ProjectConfigurationPlatforms) = postSolution
		{4811C13B-E1B8-4986-B874-087802BB185E}.Debug|Any CPU.ActiveCfg = Debug|Any CPU
		{4811C13B-E1B8-4986-B874-087802BB185E}.Debug|Any CPU.Build.0 = Debug|Any CPU
		{4811C13B-E1B8-4986-B874-087802BB185E}.Release|Any CPU.ActiveCfg = Release|Any CPU
		{4811C13B-E1B8-4986-B874-087802BB185E}.Release|Any CPU.Build.0 = Release|Any CPU
		{374EBB4B-1B58-4D91-B953-8378567A96D2}.Debug|Any CPU.ActiveCfg = Debug|Any CPU
		{374EBB4B-1B58-4D91-B953-8378567A96D2}.Debug|Any CPU.Build.0 = Debug|Any CPU
		{374EBB4B-1B58-4D91-B953-8378567A96D2}.Release|Any CPU.ActiveCfg = Release|Any CPU
		{374EBB4B-1B58-4D91-B953-8378567A96D2}.Release|Any CPU.Build.0 = Release|Any CPU
		{46EDCD04-A582-4381-B3CE-D1AE96F3901C}.Debug|Any CPU.ActiveCfg = Debug|Any CPU
		{46EDCD04-A582-4381-B3CE-D1AE96F3901C}.Debug|Any CPU.Build.0 = Debug|Any CPU
		{46EDCD04-A582-4381-B3CE-D1AE96F3901C}.Release|Any CPU.ActiveCfg = Release|Any CPU
		{46EDCD04-A582-4381-B3CE-D1AE96F3901C}.Release|Any CPU.Build.0 = Release|Any CPU
		{EC6C6FD2-FD22-4CD9-97B4-DE7862E76E41}.Debug|Any CPU.ActiveCfg = Debug|Any CPU
		{EC6C6FD2-FD22-4CD9-97B4-DE7862E76E41}.Debug|Any CPU.Build.0 = Debug|Any CPU
		{EC6C6FD2-FD22-4CD9-97B4-DE7862E76E41}.Release|Any CPU.ActiveCfg = Release|Any CPU
		{EC6C6FD2-FD22-4CD9-97B4-DE7862E76E41}.Release|Any CPU.Build.0 = Release|Any CPU
	EndGlobalSection
	GlobalSection(SolutionProperties) = preSolution
		HideSolutionNode = FALSE
	EndGlobalSection
	GlobalSection(ExtensibilityGlobals) = postSolution
		SolutionGuid = {D993B4FB-EE36-470F-84DA-65BCC210D97F}
	EndGlobalSection
EndGlobal
